{
	"name": "@zimbra/x-ui",
	"version": "2.1.0",
	"lockfileVersion": 1,
	"requires": true,
	"dependencies": {
		"@ctrl/tinycolor": {
			"version": "2.6.0",
			"resolved": "https://registry.npmjs.org/@ctrl/tinycolor/-/tinycolor-2.6.0.tgz",
			"integrity": "sha512-bvkszNAcbmR2zrjjkaHbTVbEj07Id44HsBWf57mugPcvJNIPaWLqxWV/GUJVJuXXayqFP2X09cZRqKrCy/v10Q=="
		},
		"@zimbraos/zm-x-palette-generator": {
			"version": "1.1.0",
			"resolved": "https://npm.pkg.github.com/download/@zimbraos/zm-x-palette-generator/1.1.0/04893275b29e0f28b7631565d61b4264668c8465e51779def1bae952d46f7753",
			"integrity": "sha512-igK85WmcrDC6UpORQxCuS+yrF0KRozj1DsvhlAmLn4IDOmpE7WFc53P9bBhxHTsQAsYKEH3rS63oXydPW+4PKA==",
			"requires": {
				"@ctrl/tinycolor": "^2.6.0"
			}
		}
	}
}
